// !$*UTF8*$!
{
	archiveVersion = 1;
	classes = {
	};
	objectVersion = 55;
	objects = {

/* Begin PBXBuildFile section */
		84BF497D273DEF6500C2351E /* DetailsViewController.swift in Sources */ = {isa = PBXBuildFile; fileRef = 84BF497C273DEF6500C2351E /* DetailsViewController.swift */; };
		84BF4980273E778700C2351E /* TransitionDelegate.swift in Sources */ = {isa = PBXBuildFile; fileRef = 84BF497F273E778700C2351E /* TransitionDelegate.swift */; };
		84BF4985273EA53100C2351E /* City.swift in Sources */ = {isa = PBXBuildFile; fileRef = 84BF4984273EA53100C2351E /* City.swift */; };
		84DB0DDD273DCE43009EDEC6 /* AppDelegate.swift in Sources */ = {isa = PBXBuildFile; fileRef = 84DB0DDC273DCE43009EDEC6 /* AppDelegate.swift */; };
		84DB0DDF273DCE44009EDEC6 /* SceneDelegate.swift in Sources */ = {isa = PBXBuildFile; fileRef = 84DB0DDE273DCE44009EDEC6 /* SceneDelegate.swift */; };
		84DB0DE1273DCE44009EDEC6 /* MainViewController.swift in Sources */ = {isa = PBXBuildFile; fileRef = 84DB0DE0273DCE44009EDEC6 /* MainViewController.swift */; };
		84DB0DE4273DCE44009EDEC6 /* Main.storyboard in Resources */ = {isa = PBXBuildFile; fileRef = 84DB0DE2273DCE44009EDEC6 /* Main.storyboard */; };
		84DB0DE6273DCE45009EDEC6 /* Assets.xcassets in Resources */ = {isa = PBXBuildFile; fileRef = 84DB0DE5273DCE45009EDEC6 /* Assets.xcassets */; };
		84DB0DE9273DCE45009EDEC6 /* LaunchScreen.storyboard in Resources */ = {isa = PBXBuildFile; fileRef = 84DB0DE7273DCE45009EDEC6 /* LaunchScreen.storyboard */; };
		84DB0DF1273DD407009EDEC6 /* MainTableViewCell.swift in Sources */ = {isa = PBXBuildFile; fileRef = 84DB0DF0273DD407009EDEC6 /* MainTableViewCell.swift */; };
/* End PBXBuildFile section */

/* Begin PBXFileReference section */
		84BF497C273DEF6500C2351E /* DetailsViewController.swift */ = {isa = PBXFileReference; lastKnownFileType = sourcecode.swift; path = DetailsViewController.swift; sourceTree = "<group>"; };
		84BF497F273E778700C2351E /* TransitionDelegate.swift */ = {isa = PBXFileReference; lastKnownFileType = sourcecode.swift; path = TransitionDelegate.swift; sourceTree = "<group>"; };
		84BF4984273EA53100C2351E /* City.swift */ = {isa = PBXFileReference; lastKnownFileType = sourcecode.swift; path = City.swift; sourceTree = "<group>"; };
		84DB0DD9273DCE43009EDEC6 /* AnimatedList.app */ = {isa = PBXFileReference; explicitFileType = wrapper.application; includeInIndex = 0; path = AnimatedList.app; sourceTree = BUILT_PRODUCTS_DIR; };
		84DB0DDC273DCE43009EDEC6 /* AppDelegate.swift */ = {isa = PBXFileReference; lastKnownFileType = sourcecode.swift; path = AppDelegate.swift; sourceTree = "<group>"; };
		84DB0DDE273DCE44009EDEC6 /* SceneDelegate.swift */ = {isa = PBXFileReference; lastKnownFileType = sourcecode.swift; path = SceneDelegate.swift; sourceTree = "<group>"; };
		84DB0DE0273DCE44009EDEC6 /* MainViewController.swift */ = {isa = PBXFileReference; lastKnownFileType = sourcecode.swift; path = MainViewController.swift; sourceTree = "<group>"; };
		84DB0DE3273DCE44009EDEC6 /* Base */ = {isa = PBXFileReference; lastKnownFileType = file.storyboard; name = Base; path = Base.lproj/Main.storyboard; sourceTree = "<group>"; };
		84DB0DE5273DCE45009EDEC6 /* Assets.xcassets */ = {isa = PBXFileReference; lastKnownFileType = folder.assetcatalog; path = Assets.xcassets; sourceTree = "<group>"; };
		84DB0DE8273DCE45009EDEC6 /* Base */ = {isa = PBXFileReference; lastKnownFileType = file.storyboard; name = Base; path = Base.lproj/LaunchScreen.storyboard; sourceTree = "<group>"; };
		84DB0DEA273DCE45009EDEC6 /* Info.plist */ = {isa = PBXFileReference; lastKnownFileType = text.plist.xml; path = Info.plist; sourceTree = "<group>"; };
		84DB0DF0273DD407009EDEC6 /* MainTableViewCell.swift */ = {isa = PBXFileReference; lastKnownFileType = sourcecode.swift; path = MainTableViewCell.swift; sourceTree = "<group>"; };
/* End PBXFileReference section */

/* Begin PBXFrameworksBuildPhase section */
		84DB0DD6273DCE43009EDEC6 /* Frameworks */ = {
			isa = PBXFrameworksBuildPhase;
			buildActionMask = 2147483647;
			files = (
			);
			runOnlyForDeploymentPostprocessing = 0;
		};
/* End PBXFrameworksBuildPhase section */

/* Begin PBXGroup section */
		84BF497E273DEF7200C2351E /* ViewControllers */ = {
			isa = PBXGroup;
			children = (
				84DB0DE0273DCE44009EDEC6 /* MainViewController.swift */,
				84DB0DF0273DD407009EDEC6 /* MainTableViewCell.swift */,
				84BF497C273DEF6500C2351E /* DetailsViewController.swift */,
			);
			path = ViewControllers;
			sourceTree = "<group>";
		};
		84BF4983273EA52200C2351E /* Model */ = {
			isa = PBXGroup;
			children = (
				84BF4984273EA53100C2351E /* City.swift */,
			);
			path = Model;
			sourceTree = "<group>";
		};
		84DB0DD0273DCE43009EDEC6 = {
			isa = PBXGroup;
			children = (
				84DB0DDB273DCE43009EDEC6 /* AnimatedList */,
				84DB0DDA273DCE43009EDEC6 /* Products */,
			);
			sourceTree = "<group>";
		};
		84DB0DDA273DCE43009EDEC6 /* Products */ = {
			isa = PBXGroup;
			children = (
				84DB0DD9273DCE43009EDEC6 /* AnimatedList.app */,
			);
			name = Products;
			sourceTree = "<group>";
		};
		84DB0DDB273DCE43009EDEC6 /* AnimatedList */ = {
			isa = PBXGroup;
			children = (
				84DB0DDC273DCE43009EDEC6 /* AppDelegate.swift */,
				84DB0DDE273DCE44009EDEC6 /* SceneDelegate.swift */,
				84BF4983273EA52200C2351E /* Model */,
				84BF497E273DEF7200C2351E /* ViewControllers */,
				84BF497F273E778700C2351E /* TransitionDelegate.swift */,
				84DB0DE2273DCE44009EDEC6 /* Main.storyboard */,
				84DB0DE7273DCE45009EDEC6 /* LaunchScreen.storyboard */,
				84DB0DE5273DCE45009EDEC6 /* Assets.xcassets */,
				84DB0DEA273DCE45009EDEC6 /* Info.plist */,
			);
			path = AnimatedList;
			sourceTree = "<group>";
		};
/* End PBXGroup section */

/* Begin PBXNativeTarget section */
		84DB0DD8273DCE43009EDEC6 /* AnimatedList */ = {
			isa = PBXNativeTarget;
			buildConfigurationList = 84DB0DED273DCE45009EDEC6 /* Build configuration list for PBXNativeTarget "AnimatedList" */;
			buildPhases = (
				84DB0DD5273DCE43009EDEC6 /* Sources */,
				84DB0DD6273DCE43009EDEC6 /* Frameworks */,
				84DB0DD7273DCE43009EDEC6 /* Resources */,
			);
			buildRules = (
			);
			dependencies = (
			);
			name = AnimatedList;
			productName = AnimatedList;
			productReference = 84DB0DD9273DCE43009EDEC6 /* AnimatedList.app */;
			productType = "com.apple.product-type.application";
		};
/* End PBXNativeTarget section */

/* Begin PBXProject section */
		84DB0DD1273DCE43009EDEC6 /* Project object */ = {
			isa = PBXProject;
			attributes = {
				BuildIndependentTargetsInParallel = 1;
				LastSwiftUpdateCheck = 1310;
				LastUpgradeCheck = 1310;
				TargetAttributes = {
					84DB0DD8273DCE43009EDEC6 = {
						CreatedOnToolsVersion = 13.1;
					};
				};
			};
			buildConfigurationList = 84DB0DD4273DCE43009EDEC6 /* Build configuration list for PBXProject "AnimatedList" */;
			compatibilityVersion = "Xcode 13.0";
			developmentRegion = en;
			hasScannedForEncodings = 0;
			knownRegions = (
				en,
				Base,
			);
			mainGroup = 84DB0DD0273DCE43009EDEC6;
			productRefGroup = 84DB0DDA273DCE43009EDEC6 /* Products */;
			projectDirPath = "";
			projectRoot = "";
			targets = (
				84DB0DD8273DCE43009EDEC6 /* AnimatedList */,
			);
		};
/* End PBXProject section */

/* Begin PBXResourcesBuildPhase section */
		84DB0DD7273DCE43009EDEC6 /* Resources */ = {
			isa = PBXResourcesBuildPhase;
			buildActionMask = 2147483647;
			files = (
				84DB0DE9273DCE45009EDEC6 /* LaunchScreen.storyboard in Resources */,
				84DB0DE6273DCE45009EDEC6 /* Assets.xcassets in Resources */,
				84DB0DE4273DCE44009EDEC6 /* Main.storyboard in Resources */,
			);
			runOnlyForDeploymentPostprocessing = 0;
		};
/* End PBXResourcesBuildPhase section */

/* Begin PBXSourcesBuildPhase section */
		84DB0DD5273DCE43009EDEC6 /* Sources */ = {
			isa = PBXSourcesBuildPhase;
			buildActionMask = 2147483647;
			files = (
				84DB0DE1273DCE44009EDEC6 /* MainViewController.swift in Sources */,
				84DB0DDD273DCE43009EDEC6 /* AppDelegate.swift in Sources */,
				84DB0DF1273DD407009EDEC6 /* MainTableViewCell.swift in Sources */,
				84DB0DDF273DCE44009EDEC6 /* SceneDelegate.swift in Sources */,
				84BF497D273DEF6500C2351E /* DetailsViewController.swift in Sources */,
				84BF4980273E778700C2351E /* TransitionDelegate.swift in Sources */,
				84BF4985273EA53100C2351E /* City.swift in Sources */,
			);
			runOnlyForDeploymentPostprocessing = 0;
		};
/* End PBXSourcesBuildPhase section */

/* Begin PBXVariantGroup section */
		84DB0DE2273DCE44009EDEC6 /* Main.storyboard */ = {
			isa = PBXVariantGroup;
			children = (
				84DB0DE3273DCE44009EDEC6 /* Base */,
			);
			name = Main.storyboard;
			sourceTree = "<group>";
		};
		84DB0DE7273DCE45009EDEC6 /* LaunchScreen.storyboard */ = {
			isa = PBXVariantGroup;
			children = (
				84DB0DE8273DCE45009EDEC6 /* Base */,
			);
			name = LaunchScreen.storyboard;
			sourceTree = "<group>";
		};
/* End PBXVariantGroup section */

/* Begin XCBuildConfiguration section */
		84DB0DEB273DCE45009EDEC6 /* Debug */ = {
			isa = XCBuildConfiguration;
			buildSettings = {
				ALWAYS_SEARCH_USER_PATHS = NO;
				CLANG_ANALYZER_NONNULL = YES;
				CLANG_ANALYZER_NUMBER_OBJECT_CONVERSION = YES_AGGRESSIVE;
				CLANG_CXX_LANGUAGE_STANDARD = "gnu++17";
				CLANG_CXX_LIBRARY = "libc++";
				CLANG_ENABLE_MODULES = YES;
				CLANG_ENABLE_OBJC_ARC = YES;
				CLANG_ENABLE_OBJC_WEAK = YES;
				CLANG_WARN_BLOCK_CAPTURE_AUTORELEASING = YES;
				CLANG_WARN_BOOL_CONVERSION = YES;
				CLANG_WARN_COMMA = YES;
				CLANG_WARN_CONSTANT_CONVERSION = YES;
				CLANG_WARN_DEPRECATED_OBJC_IMPLEMENTATIONS = YES;
				CLANG_WARN_DIRECT_OBJC_ISA_USAGE = YES_ERROR;
				CLANG_WARN_DOCUMENTATION_COMMENTS = YES;
				CLANG_WARN_EMPTY_BODY = YES;
				CLANG_WARN_ENUM_CONVERSION = YES;
				CLANG_WARN_INFINITE_RECURSION = YES;
				CLANG_WARN_INT_CONVERSION = YES;
				CLANG_WARN_NON_LITERAL_NULL_CONVERSION = YES;
				CLANG_WARN_OBJC_IMPLICIT_RETAIN_SELF = YES;
				CLANG_WARN_OBJC_LITERAL_CONVERSION = YES;
				CLANG_WARN_OBJC_ROOT_CLASS = YES_ERROR;
				CLANG_WARN_QUOTED_INCLUDE_IN_FRAMEWORK_HEADER = YES;
				CLANG_WARN_RANGE_LOOP_ANALYSIS = YES;
				CLANG_WARN_STRICT_PROTOTYPES = YES;
				CLANG_WARN_SUSPICIOUS_MOVE = YES;
				CLANG_WARN_UNGUARDED_AVAILABILITY = YES_AGGRESSIVE;
				CLANG_WARN_UNREACHABLE_CODE = YES;
				CLANG_WARN__DUPLICATE_METHOD_MATCH = YES;
				COPY_PHASE_STRIP = NO;
				DEBUG_INFORMATION_FORMAT = dwarf;
				ENABLE_STRICT_OBJC_MSGSEND = YES;
				ENABLE_TESTABILITY = YES;
				GCC_C_LANGUAGE_STANDARD = gnu11;
				GCC_DYNAMIC_NO_PIC = NO;
				GCC_NO_COMMON_BLOCKS = YES;
				GCC_OPTIMIZATION_LEVEL = 0;
				GCC_PREPROCESSOR_DEFINITIONS = (
					"DEBUG=1",
					"$(inherited)",
				);
				GCC_WARN_64_TO_32_BIT_CONVERSION = YES;
				GCC_WARN_ABOUT_RETURN_TYPE = YES_ERROR;
				GCC_WARN_UNDECLARED_SELECTOR = YES;
				GCC_WARN_UNINITIALIZED_AUTOS = YES_AGGRESSIVE;
				GCC_WARN_UNUSED_FUNCTION = YES;
				GCC_WARN_UNUSED_VARIABLE = YES;
				IPHONEOS_DEPLOYMENT_TARGET = 15.0;
				MTL_ENABLE_DEBUG_INFO = INCLUDE_SOURCE;
				MTL_FAST_MATH = YES;
				ONLY_ACTIVE_ARCH = YES;
				SDKROOT = iphoneos;
				SWIFT_ACTIVE_COMPILATION_CONDITIONS = DEBUG;
				SWIFT_OPTIMIZATION_LEVEL = "-Onone";
			};
			name = Debug;
		};
		84DB0DEC273DCE45009EDEC6 /* Release */ = {
			isa = XCBuildConfiguration;
			buildSettings = {
				ALWAYS_SEARCH_USER_PATHS = NO;
				CLANG_ANALYZER_NONNULL = YES;
				CLANG_ANALYZER_NUMBER_OBJECT_CONVERSION = YES_AGGRESSIVE;
				CLANG_CXX_LANGUAGE_STANDARD = "gnu++17";
				CLANG_CXX_LIBRARY = "libc++";
				CLANG_ENABLE_MODULES = YES;
				CLANG_ENABLE_OBJC_ARC = YES;
				CLANG_ENABLE_OBJC_WEAK = YES;
				CLANG_WARN_BLOCK_CAPTURE_AUTORELEASING = YES;
				CLANG_WARN_BOOL_CONVERSION = YES;
				CLANG_WARN_COMMA = YES;
				CLANG_WARN_CONSTANT_CONVERSION = YES;
				CLANG_WARN_DEPRECATED_OBJC_IMPLEMENTATIONS = YES;
				CLANG_WARN_DIRECT_OBJC_ISA_USAGE = YES_ERROR;
				CLANG_WARN_DOCUMENTATION_COMMENTS = YES;
				CLANG_WARN_EMPTY_BODY = YES;
				CLANG_WARN_ENUM_CONVERSION = YES;
				CLANG_WARN_INFINITE_RECURSION = YES;
				CLANG_WARN_INT_CONVERSION = YES;
				CLANG_WARN_NON_LITERAL_NULL_CONVERSION = YES;
				CLANG_WARN_OBJC_IMPLICIT_RETAIN_SELF = YES;
				CLANG_WARN_OBJC_LITERAL_CONVERSION = YES;
				CLANG_WARN_OBJC_ROOT_CLASS = YES_ERROR;
				CLANG_WARN_QUOTED_INCLUDE_IN_FRAMEWORK_HEADER = YES;
				CLANG_WARN_RANGE_LOOP_ANALYSIS = YES;
				CLANG_WARN_STRICT_PROTOTYPES = YES;
				CLANG_WARN_SUSPICIOUS_MOVE = YES;
				CLANG_WARN_UNGUARDED_AVAILABILITY = YES_AGGRESSIVE;
				CLANG_WARN_UNREACHABLE_CODE = YES;
				CLANG_WARN__DUPLICATE_METHOD_MATCH = YES;
				COPY_PHASE_STRIP = NO;
				DEBUG_INFORMATION_FORMAT = "dwarf-with-dsym";
				ENABLE_NS_ASSERTIONS = NO;
				ENABLE_STRICT_OBJC_MSGSEND = YES;
				GCC_C_LANGUAGE_STANDARD = gnu11;
				GCC_NO_COMMON_BLOCKS = YES;
				GCC_WARN_64_TO_32_BIT_CONVERSION = YES;
				GCC_WARN_ABOUT_RETURN_TYPE = YES_ERROR;
				GCC_WARN_UNDECLARED_SELECTOR = YES;
				GCC_WARN_UNINITIALIZED_AUTOS = YES_AGGRESSIVE;
				GCC_WARN_UNUSED_FUNCTION = YES;
				GCC_WARN_UNUSED_VARIABLE = YES;
				IPHONEOS_DEPLOYMENT_TARGET = 15.0;
				MTL_ENABLE_DEBUG_INFO = NO;
				MTL_FAST_MATH = YES;
				SDKROOT = iphoneos;
				SWIFT_COMPILATION_MODE = wholemodule;
				SWIFT_OPTIMIZATION_LEVEL = "-O";
				VALIDATE_PRODUCT = YES;
			};
			name = Release;
		};
		84DB0DEE273DCE45009EDEC6 /* Debug */ = {
			isa = XCBuildConfiguration;
			buildSettings = {
				ASSETCATALOG_COMPILER_APPICON_NAME = AppIcon;
				ASSETCATALOG_COMPILER_GLOBAL_ACCENT_COLOR_NAME = AccentColor;
				CODE_SIGN_STYLE = Automatic;
				CURRENT_PROJECT_VERSION = 1;
				GENERATE_INFOPLIST_FILE = YES;
				INFOPLIST_FILE = AnimatedList/Info.plist;
				INFOPLIST_KEY_UIApplicationSupportsIndirectInputEvents = YES;
				INFOPLIST_KEY_UILaunchStoryboardName = LaunchScreen;
				INFOPLIST_KEY_UIMainStoryboardFile = Main;
				INFOPLIST_KEY_UISupportedInterfaceOrientations = "UIInterfaceOrientationPortrait UIInterfaceOrientationPortraitUpsideDown";
				INFOPLIST_KEY_UISupportedInterfaceOrientations_iPad = "UIInterfaceOrientationPortrait UIInterfaceOrientationPortraitUpsideDown UIInterfaceOrientationLandscapeLeft UIInterfaceOrientationLandscapeRight";
				INFOPLIST_KEY_UISupportedInterfaceOrientations_iPhone = "UIInterfaceOrientationPortrait UIInterfaceOrientationLandscapeLeft UIInterfaceOrientationLandscapeRight";
				LD_RUNPATH_SEARCH_PATHS = (
					"$(inherited)",
					"@executable_path/Frameworks",
				);
				MARKETING_VERSION = 1.0;
				PRODUCT_BUNDLE_IDENTIFIER = com.kaiodantas.AnimatedList;
				PRODUCT_NAME = "$(TARGET_NAME)";
				SWIFT_EMIT_LOC_STRINGS = YES;
				SWIFT_VERSION = 5.0;
				TARGETED_DEVICE_FAMILY = "1,2";
			};
			name = Debug;
		};
		84DB0DEF273DCE45009EDEC6 /* Release */ = {
			isa = XCBuildConfiguration;
			buildSettings = {
				ASSETCATALOG_COMPILER_APPICON_NAME = AppIcon;
				ASSETCATALOG_COMPILER_GLOBAL_ACCENT_COLOR_NAME = AccentColor;
				CODE_SIGN_STYLE = Automatic;
				CURRENT_PROJECT_VERSION = 1;
				GENERATE_INFOPLIST_FILE = YES;
				INFOPLIST_FILE = AnimatedList/Info.plist;
				INFOPLIST_KEY_UIApplicationSupportsIndirectInputEvents = YES;
				INFOPLIST_KEY_UILaunchStoryboardName = LaunchScreen;
				INFOPLIST_KEY_UIMainStoryboardFile = Main;
				INFOPLIST_KEY_UISupportedInterfaceOrientations = "UIInterfaceOrientationPortrait UIInterfaceOrientationPortraitUpsideDown";
				INFOPLIST_KEY_UISupportedInterfaceOrientations_iPad = "UIInterfaceOrientationPortrait UIInterfaceOrientationPortraitUpsideDown UIInterfaceOrientationLandscapeLeft UIInterfaceOrientationLandscapeRight";
				INFOPLIST_KEY_UISupportedInterfaceOrientations_iPhone = "UIInterfaceOrientationPortrait UIInterfaceOrientationLandscapeLeft UIInterfaceOrientationLandscapeRight";
				LD_RUNPATH_SEARCH_PATHS = (
					"$(inherited)",
					"@executable_path/Frameworks",
				);
				MARKETING_VERSION = 1.0;
				PRODUCT_BUNDLE_IDENTIFIER = com.kaiodantas.AnimatedList;
				PRODUCT_NAME = "$(TARGET_NAME)";
				SWIFT_EMIT_LOC_STRINGS = YES;
				SWIFT_VERSION = 5.0;
				TARGETED_DEVICE_FAMILY = "1,2";
			};
			name = Release;
		};
/* End XCBuildConfiguration section */

/* Begin XCConfigurationList section */
		84DB0DD4273DCE43009EDEC6 /* Build configuration list for PBXProject "AnimatedList" */ = {
			isa = XCConfigurationList;
			buildConfigurations = (
				84DB0DEB273DCE45009EDEC6 /* Debug */,
				84DB0DEC273DCE45009EDEC6 /* Release */,
			);
			defaultConfigurationIsVisible = 0;
			defaultConfigurationName = Release;
		};
		84DB0DED273DCE45009EDEC6 /* Build configuration list for PBXNativeTarget "AnimatedList" */ = {
			isa = XCConfigurationList;
			buildConfigurations = (
				84DB0DEE273DCE45009EDEC6 /* Debug */,
				84DB0DEF273DCE45009EDEC6 /* Release */,
			);
			defaultConfigurationIsVisible = 0;
			defaultConfigurationName = Release;
		};
/* End XCConfigurationList section */
	};
	rootObject = 84DB0DD1273DCE43009EDEC6 /* Project object */;
}
